dependencies:
- name: loki
  repository: https://grafana.github.io/helm-charts
  version: 7.2.0
- name: rustfs
  repository: https://charts.rustfs.com
  version: 0.12.0
- name: alloy
  repository: https://grafana.github.io/helm-charts
  version: 1.11.0
- name: kube-prometheus-stack
  repository: https://prometheus-community.github.io/helm-charts
  version: 87.21.0
digest: sha256:d19211fe5a2b2b9190a01cfe2e09a9ea155a0c8fd2639ce48a918b13fc8c6981
generated: "2026-07-30T19:24:54.737819861+05:30"
